
Microsoft Visual Studio Solution File, Format Version 12.00
# Visual Studio Version 18
VisualStudioVersion = 18.10.12106.202 insiders
MinimumVisualStudioVersion = 10.0.40219.1
Project("{2150E333-8FDC-42A3-9474-1A3956D46DE8}") = "WebAPI", "WebAPI", "{02EA681E-C7D8-13C7-8484-4AC65E1B71E8}"
EndProject
Project("{FAE04EC0-301F-11D3-BF4B-00C04F79EFBC}") = "ProductMS", "ProductMS\ProductMS.csproj", "{ABBD1FF4-45B2-4428-BD57-A52A32419824}"
EndProject
Project("{2150E333-8FDC-42A3-9474-1A3956D46DE8}") = "Business", "Business", "{5533AC2B-B18E-422F-9B7B-F42A02231F25}"
EndProject
Project("{2150E333-8FDC-42A3-9474-1A3956D46DE8}") = "Data", "Data", "{C0D96430-5602-4DE2-AC55-9574C455D304}"
EndProject
Project("{2150E333-8FDC-42A3-9474-1A3956D46DE8}") = "DTOs", "DTOs", "{8F986082-5C1A-4610-BC08-350364FBD10F}"
EndProject
Project("{FAE04EC0-301F-11D3-BF4B-00C04F79EFBC}") = "ProductMS.Business", "Business\ProductMS.Business.csproj", "{31393741-60D1-45C5-BC83-8C2DF7F0A016}"
EndProject
Project("{FAE04EC0-301F-11D3-BF4B-00C04F79EFBC}") = "ProductMS.Contracts", "Business.Contracts\ProductMS.Contracts.csproj", "{4FCDB844-7B81-4F6C-8DC6-9F9690942EF4}"
EndProject
Project("{FAE04EC0-301F-11D3-BF4B-00C04F79EFBC}") = "ProductMS.Data.Service.Contracts", "Data.Service.Contracts\ProductMS.Data.Service.Contracts.csproj", "{A1E6B1B7-DCD8-4BC0-805F-FA230863F90C}"
EndProject
Project("{FAE04EC0-301F-11D3-BF4B-00C04F79EFBC}") = "ProductMS.Data.Service", "Data.Service\ProductMS.Data.Service.csproj", "{FBF552AB-25B4-410B-AD59-A9676D6F2F7B}"
EndProject
Project("{FAE04EC0-301F-11D3-BF4B-00C04F79EFBC}") = "ProductMS.DTOs", "ProductMS.DTOs\ProductMS.DTOs.csproj", "{573DB1E6-E9E2-4E19-A46B-BDCE741BD763}"
EndProject
Project("{FAE04EC0-301F-11D3-BF4B-00C04F79EFBC}") = "ProductMS.DTO.Mappers", "ProductMS.DTO.Mappers\ProductMS.DTO.Mappers.csproj", "{70D71A31-D628-4D48-8286-C09954DEFE51}"
EndProject
Global
	GlobalSection(SolutionConfigurationPlatforms) = preSolution
		Debug|Any CPU = Debug|Any CPU
		Release|Any CPU = Release|Any CPU
	EndGlobalSection
	GlobalSection(ProjectConfigurationPlatforms) = postSolution
		{ABBD1FF4-45B2-4428-BD57-A52A32419824}.Debug|Any CPU.ActiveCfg = Debug|Any CPU
		{ABBD1FF4-45B2-4428-BD57-A52A32419824}.Debug|Any CPU.Build.0 = Debug|Any CPU
		{ABBD1FF4-45B2-4428-BD57-A52A32419824}.Release|Any CPU.ActiveCfg = Release|Any CPU
		{ABBD1FF4-45B2-4428-BD57-A52A32419824}.Release|Any CPU.Build.0 = Release|Any CPU
		{31393741-60D1-45C5-BC83-8C2DF7F0A016}.Debug|Any CPU.ActiveCfg = Debug|Any CPU
		{31393741-60D1-45C5-BC83-8C2DF7F0A016}.Debug|Any CPU.Build.0 = Debug|Any CPU
		{31393741-60D1-45C5-BC83-8C2DF7F0A016}.Release|Any CPU.ActiveCfg = Release|Any CPU
		{31393741-60D1-45C5-BC83-8C2DF7F0A016}.Release|Any CPU.Build.0 = Release|Any CPU
		{4FCDB844-7B81-4F6C-8DC6-9F9690942EF4}.Debug|Any CPU.ActiveCfg = Debug|Any CPU
		{4FCDB844-7B81-4F6C-8DC6-9F9690942EF4}.Debug|Any CPU.Build.0 = Debug|Any CPU
		{4FCDB844-7B81-4F6C-8DC6-9F9690942EF4}.Release|Any CPU.ActiveCfg = Release|Any CPU
		{4FCDB844-7B81-4F6C-8DC6-9F9690942EF4}.Release|Any CPU.Build.0 = Release|Any CPU
		{A1E6B1B7-DCD8-4BC0-805F-FA230863F90C}.Debug|Any CPU.ActiveCfg = Debug|Any CPU
		{A1E6B1B7-DCD8-4BC0-805F-FA230863F90C}.Debug|Any CPU.Build.0 = Debug|Any CPU
		{A1E6B1B7-DCD8-4BC0-805F-FA230863F90C}.Release|Any CPU.ActiveCfg = Release|Any CPU
		{A1E6B1B7-DCD8-4BC0-805F-FA230863F90C}.Release|Any CPU.Build.0 = Release|Any CPU
		{FBF552AB-25B4-410B-AD59-A9676D6F2F7B}.Debug|Any CPU.ActiveCfg = Debug|Any CPU
		{FBF552AB-25B4-410B-AD59-A9676D6F2F7B}.Debug|Any CPU.Build.0 = Debug|Any CPU
		{FBF552AB-25B4-410B-AD59-A9676D6F2F7B}.Release|Any CPU.ActiveCfg = Release|Any CPU
		{FBF552AB-25B4-410B-AD59-A9676D6F2F7B}.Release|Any CPU.Build.0 = Release|Any CPU
		{573DB1E6-E9E2-4E19-A46B-BDCE741BD763}.Debug|Any CPU.ActiveCfg = Debug|Any CPU
		{573DB1E6-E9E2-4E19-A46B-BDCE741BD763}.Debug|Any CPU.Build.0 = Debug|Any CPU
		{573DB1E6-E9E2-4E19-A46B-BDCE741BD763}.Release|Any CPU.ActiveCfg = Release|Any CPU
		{573DB1E6-E9E2-4E19-A46B-BDCE741BD763}.Release|Any CPU.Build.0 = Release|Any CPU
		{70D71A31-D628-4D48-8286-C09954DEFE51}.Debug|Any CPU.ActiveCfg = Debug|Any CPU
		{70D71A31-D628-4D48-8286-C09954DEFE51}.Debug|Any CPU.Build.0 = Debug|Any CPU
		{70D71A31-D628-4D48-8286-C09954DEFE51}.Release|Any CPU.ActiveCfg = Release|Any CPU
		{70D71A31-D628-4D48-8286-C09954DEFE51}.Release|Any CPU.Build.0 = Release|Any CPU
	EndGlobalSection
	GlobalSection(SolutionProperties) = preSolution
		HideSolutionNode = FALSE
	EndGlobalSection
	GlobalSection(NestedProjects) = preSolution
		{ABBD1FF4-45B2-4428-BD57-A52A32419824} = {02EA681E-C7D8-13C7-8484-4AC65E1B71E8}
		{31393741-60D1-45C5-BC83-8C2DF7F0A016} = {5533AC2B-B18E-422F-9B7B-F42A02231F25}
		{4FCDB844-7B81-4F6C-8DC6-9F9690942EF4} = {5533AC2B-B18E-422F-9B7B-F42A02231F25}
		{A1E6B1B7-DCD8-4BC0-805F-FA230863F90C} = {C0D96430-5602-4DE2-AC55-9574C455D304}
		{FBF552AB-25B4-410B-AD59-A9676D6F2F7B} = {C0D96430-5602-4DE2-AC55-9574C455D304}
		{573DB1E6-E9E2-4E19-A46B-BDCE741BD763} = {8F986082-5C1A-4610-BC08-350364FBD10F}
		{70D71A31-D628-4D48-8286-C09954DEFE51} = {8F986082-5C1A-4610-BC08-350364FBD10F}
	EndGlobalSection
	GlobalSection(ExtensibilityGlobals) = postSolution
		SolutionGuid = {29206E2C-1E48-48EA-9BD7-20209F05C632}
	EndGlobalSection
EndGlobal
